
Microsoft Visual Studio Solution File, Format Version 12.00
# Visual Studio 14
VisualStudioVersion = 14.0.25420.1
MinimumVisualStudioVersion = 10.0.40219.1
Project("{FAE04EC0-301F-11D3-BF4B-00C04F79EFBC}") = "CoursesList", "CoursesList\CoursesList.csproj", "{A543F4D8-CC23-4E32-942D-2BC5C10B5951}"
EndProject
Project("{FAE04EC0-301F-11D3-BF4B-00C04F79EFBC}") = "CoursesListLIB", "CoursesListLIB\CoursesListLIB.csproj", "{A52EE760-5EED-4895-B04A-EACF44AB2D74}"
EndProject
Project("{FAE04EC0-301F-11D3-BF4B-00C04F79EFBC}") = "GlobalLIB", "..\GlobalLIB\GlobalLIB\GlobalLIB.csproj", "{4080680A-5DC4-4BF5-BDB6-F78CFC4F49B4}"
EndProject
Project("{FAE04EC0-301F-11D3-BF4B-00C04F79EFBC}") = "SerialLIB", "..\SerialLIB\SerialLIB\SerialLIB.csproj", "{635E445F-AC15-45E8-B320-167337991E9B}"
EndProject
Global
	GlobalSection(SolutionConfigurationPlatforms) = preSolution
		Debug|Any CPU = Debug|Any CPU
		Debug|ARM = Debug|ARM
		Debug|x64 = Debug|x64
		Debug|x86 = Debug|x86
		Release|Any CPU = Release|Any CPU
		Release|ARM = Release|ARM
		Release|x64 = Release|x64
		Release|x86 = Release|x86
	EndGlobalSection
	GlobalSection(ProjectConfigurationPlatforms) = postSolution
		{A543F4D8-CC23-4E32-942D-2BC5C10B5951}.Debug|Any CPU.ActiveCfg = Debug|x86
		{A543F4D8-CC23-4E32-942D-2BC5C10B5951}.Debug|ARM.ActiveCfg = Debug|ARM
		{A543F4D8-CC23-4E32-942D-2BC5C10B5951}.Debug|ARM.Build.0 = Debug|ARM
		{A543F4D8-CC23-4E32-942D-2BC5C10B5951}.Debug|ARM.Deploy.0 = Debug|ARM
		{A543F4D8-CC23-4E32-942D-2BC5C10B5951}.Debug|x64.ActiveCfg = Debug|x64
		{A543F4D8-CC23-4E32-942D-2BC5C10B5951}.Debug|x64.Build.0 = Debug|x64
		{A543F4D8-CC23-4E32-942D-2BC5C10B5951}.Debug|x64.Deploy.0 = Debug|x64
		{A543F4D8-CC23-4E32-942D-2BC5C10B5951}.Debug|x86.ActiveCfg = Debug|x86
		{A543F4D8-CC23-4E32-942D-2BC5C10B5951}.Debug|x86.Build.0 = Debug|x86
		{A543F4D8-CC23-4E32-942D-2BC5C10B5951}.Debug|x86.Deploy.0 = Debug|x86
		{A543F4D8-CC23-4E32-942D-2BC5C10B5951}.Release|Any CPU.ActiveCfg = Release|x86
		{A543F4D8-CC23-4E32-942D-2BC5C10B5951}.Release|ARM.ActiveCfg = Release|ARM
		{A543F4D8-CC23-4E32-942D-2BC5C10B5951}.Release|ARM.Build.0 = Release|ARM
		{A543F4D8-CC23-4E32-942D-2BC5C10B5951}.Release|ARM.Deploy.0 = Release|ARM
		{A543F4D8-CC23-4E32-942D-2BC5C10B5951}.Release|x64.ActiveCfg = Release|x64
		{A543F4D8-CC23-4E32-942D-2BC5C10B5951}.Release|x64.Build.0 = Release|x64
		{A543F4D8-CC23-4E32-942D-2BC5C10B5951}.Release|x64.Deploy.0 = Release|x64
		{A543F4D8-CC23-4E32-942D-2BC5C10B5951}.Release|x86.ActiveCfg = Release|x86
		{A543F4D8-CC23-4E32-942D-2BC5C10B5951}.Release|x86.Build.0 = Release|x86
		{A543F4D8-CC23-4E32-942D-2BC5C10B5951}.Release|x86.Deploy.0 = Release|x86
		{A52EE760-5EED-4895-B04A-EACF44AB2D74}.Debug|Any CPU.ActiveCfg = Debug|Any CPU
		{A52EE760-5EED-4895-B04A-EACF44AB2D74}.Debug|Any CPU.Build.0 = Debug|Any CPU
		{A52EE760-5EED-4895-B04A-EACF44AB2D74}.Debug|ARM.ActiveCfg = Debug|ARM
		{A52EE760-5EED-4895-B04A-EACF44AB2D74}.Debug|ARM.Build.0 = Debug|ARM
		{A52EE760-5EED-4895-B04A-EACF44AB2D74}.Debug|x64.ActiveCfg = Debug|x64
		{A52EE760-5EED-4895-B04A-EACF44AB2D74}.Debug|x64.Build.0 = Debug|x64
		{A52EE760-5EED-4895-B04A-EACF44AB2D74}.Debug|x86.ActiveCfg = Debug|x86
		{A52EE760-5EED-4895-B04A-EACF44AB2D74}.Debug|x86.Build.0 = Debug|x86
		{A52EE760-5EED-4895-B04A-EACF44AB2D74}.Release|Any CPU.ActiveCfg = Release|Any CPU
		{A52EE760-5EED-4895-B04A-EACF44AB2D74}.Release|Any CPU.Build.0 = Release|Any CPU
		{A52EE760-5EED-4895-B04A-EACF44AB2D74}.Release|ARM.ActiveCfg = Release|ARM
		{A52EE760-5EED-4895-B04A-EACF44AB2D74}.Release|ARM.Build.0 = Release|ARM
		{A52EE760-5EED-4895-B04A-EACF44AB2D74}.Release|x64.ActiveCfg = Release|x64
		{A52EE760-5EED-4895-B04A-EACF44AB2D74}.Release|x64.Build.0 = Release|x64
		{A52EE760-5EED-4895-B04A-EACF44AB2D74}.Release|x86.ActiveCfg = Release|x86
		{A52EE760-5EED-4895-B04A-EACF44AB2D74}.Release|x86.Build.0 = Release|x86
		{4080680A-5DC4-4BF5-BDB6-F78CFC4F49B4}.Debug|Any CPU.ActiveCfg = Debug|Any CPU
		{4080680A-5DC4-4BF5-BDB6-F78CFC4F49B4}.Debug|Any CPU.Build.0 = Debug|Any CPU
		{4080680A-5DC4-4BF5-BDB6-F78CFC4F49B4}.Debug|ARM.ActiveCfg = Debug|ARM
		{4080680A-5DC4-4BF5-BDB6-F78CFC4F49B4}.Debug|ARM.Build.0 = Debug|ARM
		{4080680A-5DC4-4BF5-BDB6-F78CFC4F49B4}.Debug|x64.ActiveCfg = Debug|x64
		{4080680A-5DC4-4BF5-BDB6-F78CFC4F49B4}.Debug|x64.Build.0 = Debug|x64
		{4080680A-5DC4-4BF5-BDB6-F78CFC4F49B4}.Debug|x86.ActiveCfg = Debug|x86
		{4080680A-5DC4-4BF5-BDB6-F78CFC4F49B4}.Debug|x86.Build.0 = Debug|x86
		{4080680A-5DC4-4BF5-BDB6-F78CFC4F49B4}.Release|Any CPU.ActiveCfg = Release|Any CPU
		{4080680A-5DC4-4BF5-BDB6-F78CFC4F49B4}.Release|Any CPU.Build.0 = Release|Any CPU
		{4080680A-5DC4-4BF5-BDB6-F78CFC4F49B4}.Release|ARM.ActiveCfg = Release|ARM
		{4080680A-5DC4-4BF5-BDB6-F78CFC4F49B4}.Release|ARM.Build.0 = Release|ARM
		{4080680A-5DC4-4BF5-BDB6-F78CFC4F49B4}.Release|x64.ActiveCfg = Release|x64
		{4080680A-5DC4-4BF5-BDB6-F78CFC4F49B4}.Release|x64.Build.0 = Release|x64
		{4080680A-5DC4-4BF5-BDB6-F78CFC4F49B4}.Release|x86.ActiveCfg = Release|x86
		{4080680A-5DC4-4BF5-BDB6-F78CFC4F49B4}.Release|x86.Build.0 = Release|x86
		{635E445F-AC15-45E8-B320-167337991E9B}.Debug|Any CPU.ActiveCfg = Debug|Any CPU
		{635E445F-AC15-45E8-B320-167337991E9B}.Debug|Any CPU.Build.0 = Debug|Any CPU
		{635E445F-AC15-45E8-B320-167337991E9B}.Debug|ARM.ActiveCfg = Debug|ARM
		{635E445F-AC15-45E8-B320-167337991E9B}.Debug|ARM.Build.0 = Debug|ARM
		{635E445F-AC15-45E8-B320-167337991E9B}.Debug|x64.ActiveCfg = Debug|x64
		{635E445F-AC15-45E8-B320-167337991E9B}.Debug|x64.Build.0 = Debug|x64
		{635E445F-AC15-45E8-B320-167337991E9B}.Debug|x86.ActiveCfg = Debug|x86
		{635E445F-AC15-45E8-B320-167337991E9B}.Debug|x86.Build.0 = Debug|x86
		{635E445F-AC15-45E8-B320-167337991E9B}.Release|Any CPU.ActiveCfg = Release|Any CPU
		{635E445F-AC15-45E8-B320-167337991E9B}.Release|Any CPU.Build.0 = Release|Any CPU
		{635E445F-AC15-45E8-B320-167337991E9B}.Release|ARM.ActiveCfg = Release|ARM
		{635E445F-AC15-45E8-B320-167337991E9B}.Release|ARM.Build.0 = Release|ARM
		{635E445F-AC15-45E8-B320-167337991E9B}.Release|x64.ActiveCfg = Release|x64
		{635E445F-AC15-45E8-B320-167337991E9B}.Release|x64.Build.0 = Release|x64
		{635E445F-AC15-45E8-B320-167337991E9B}.Release|x86.ActiveCfg = Release|x86
		{635E445F-AC15-45E8-B320-167337991E9B}.Release|x86.Build.0 = Release|x86
	EndGlobalSection
	GlobalSection(SolutionProperties) = preSolution
		HideSolutionNode = FALSE
	EndGlobalSection
EndGlobal
